
Microsoft Visual Studio Solution File, Format Version 12.00
# Visual Studio 15
VisualStudioVersion = 15.0.26124.0
MinimumVisualStudioVersion = 15.0.26124.0
Project("{2150E333-8FDC-42A3-9474-1A3956D46DE8}") = "src", "src", "{B83D0129-7DCA-4C1C-ADE4-5E6B112984C3}"
EndProject
Project("{F2A71F9B-5D33-465A-A702-920D77279786}") = "RssFeeder.Core", "src\RssFeeder.Core\RssFeeder.Core.fsproj", "{796684E7-3616-4CD6-956B-949F166F669C}"
EndProject
Project("{2150E333-8FDC-42A3-9474-1A3956D46DE8}") = "test", "test", "{CE9DC237-4617-4D46-AA23-17E7D3EDF7DA}"
EndProject
Project("{F2A71F9B-5D33-465A-A702-920D77279786}") = "RssFeeder.Core.Test", "test\RssFeeder.Core.Test\RssFeeder.Core.Test.fsproj", "{558EB5C0-FDD9-4919-B3C2-510F6BB86DDA}"
EndProject
Project("{F2A71F9B-5D33-465A-A702-920D77279786}") = "RssFeeder.Bolero.Client", "src\RssFeeder.Bolero.Client\RssFeeder.Bolero.Client.fsproj", "{8CF1BD46-53CE-49BD-AE8B-7A8DDCB31D6B}"
EndProject
Project("{F2A71F9B-5D33-465A-A702-920D77279786}") = "RssFeeder.Bolero.Server", "src\RssFeeder.Bolero.Server\RssFeeder.Bolero.Server.fsproj", "{AA6ED572-2AE3-47D4-AC89-772B3BF0537A}"
EndProject
Global
	GlobalSection(SolutionConfigurationPlatforms) = preSolution
		Debug|Any CPU = Debug|Any CPU
		Debug|x64 = Debug|x64
		Debug|x86 = Debug|x86
		Release|Any CPU = Release|Any CPU
		Release|x64 = Release|x64
		Release|x86 = Release|x86
	EndGlobalSection
	GlobalSection(SolutionProperties) = preSolution
		HideSolutionNode = FALSE
	EndGlobalSection
	GlobalSection(ProjectConfigurationPlatforms) = postSolution
		{796684E7-3616-4CD6-956B-949F166F669C}.Debug|Any CPU.ActiveCfg = Debug|Any CPU
		{796684E7-3616-4CD6-956B-949F166F669C}.Debug|Any CPU.Build.0 = Debug|Any CPU
		{796684E7-3616-4CD6-956B-949F166F669C}.Debug|x64.ActiveCfg = Debug|Any CPU
		{796684E7-3616-4CD6-956B-949F166F669C}.Debug|x64.Build.0 = Debug|Any CPU
		{796684E7-3616-4CD6-956B-949F166F669C}.Debug|x86.ActiveCfg = Debug|Any CPU
		{796684E7-3616-4CD6-956B-949F166F669C}.Debug|x86.Build.0 = Debug|Any CPU
		{796684E7-3616-4CD6-956B-949F166F669C}.Release|Any CPU.ActiveCfg = Release|Any CPU
		{796684E7-3616-4CD6-956B-949F166F669C}.Release|Any CPU.Build.0 = Release|Any CPU
		{796684E7-3616-4CD6-956B-949F166F669C}.Release|x64.ActiveCfg = Release|Any CPU
		{796684E7-3616-4CD6-956B-949F166F669C}.Release|x64.Build.0 = Release|Any CPU
		{796684E7-3616-4CD6-956B-949F166F669C}.Release|x86.ActiveCfg = Release|Any CPU
		{796684E7-3616-4CD6-956B-949F166F669C}.Release|x86.Build.0 = Release|Any CPU
		{558EB5C0-FDD9-4919-B3C2-510F6BB86DDA}.Debug|Any CPU.ActiveCfg = Debug|Any CPU
		{558EB5C0-FDD9-4919-B3C2-510F6BB86DDA}.Debug|Any CPU.Build.0 = Debug|Any CPU
		{558EB5C0-FDD9-4919-B3C2-510F6BB86DDA}.Debug|x64.ActiveCfg = Debug|Any CPU
		{558EB5C0-FDD9-4919-B3C2-510F6BB86DDA}.Debug|x64.Build.0 = Debug|Any CPU
		{558EB5C0-FDD9-4919-B3C2-510F6BB86DDA}.Debug|x86.ActiveCfg = Debug|Any CPU
		{558EB5C0-FDD9-4919-B3C2-510F6BB86DDA}.Debug|x86.Build.0 = Debug|Any CPU
		{558EB5C0-FDD9-4919-B3C2-510F6BB86DDA}.Release|Any CPU.ActiveCfg = Release|Any CPU
		{558EB5C0-FDD9-4919-B3C2-510F6BB86DDA}.Release|Any CPU.Build.0 = Release|Any CPU
		{558EB5C0-FDD9-4919-B3C2-510F6BB86DDA}.Release|x64.ActiveCfg = Release|Any CPU
		{558EB5C0-FDD9-4919-B3C2-510F6BB86DDA}.Release|x64.Build.0 = Release|Any CPU
		{558EB5C0-FDD9-4919-B3C2-510F6BB86DDA}.Release|x86.ActiveCfg = Release|Any CPU
		{558EB5C0-FDD9-4919-B3C2-510F6BB86DDA}.Release|x86.Build.0 = Release|Any CPU
		{8CF1BD46-53CE-49BD-AE8B-7A8DDCB31D6B}.Debug|Any CPU.ActiveCfg = Debug|Any CPU
		{8CF1BD46-53CE-49BD-AE8B-7A8DDCB31D6B}.Debug|Any CPU.Build.0 = Debug|Any CPU
		{8CF1BD46-53CE-49BD-AE8B-7A8DDCB31D6B}.Debug|x64.ActiveCfg = Debug|Any CPU
		{8CF1BD46-53CE-49BD-AE8B-7A8DDCB31D6B}.Debug|x64.Build.0 = Debug|Any CPU
		{8CF1BD46-53CE-49BD-AE8B-7A8DDCB31D6B}.Debug|x86.ActiveCfg = Debug|Any CPU
		{8CF1BD46-53CE-49BD-AE8B-7A8DDCB31D6B}.Debug|x86.Build.0 = Debug|Any CPU
		{8CF1BD46-53CE-49BD-AE8B-7A8DDCB31D6B}.Release|Any CPU.ActiveCfg = Release|Any CPU
		{8CF1BD46-53CE-49BD-AE8B-7A8DDCB31D6B}.Release|Any CPU.Build.0 = Release|Any CPU
		{8CF1BD46-53CE-49BD-AE8B-7A8DDCB31D6B}.Release|x64.ActiveCfg = Release|Any CPU
		{8CF1BD46-53CE-49BD-AE8B-7A8DDCB31D6B}.Release|x64.Build.0 = Release|Any CPU
		{8CF1BD46-53CE-49BD-AE8B-7A8DDCB31D6B}.Release|x86.ActiveCfg = Release|Any CPU
		{8CF1BD46-53CE-49BD-AE8B-7A8DDCB31D6B}.Release|x86.Build.0 = Release|Any CPU
		{AA6ED572-2AE3-47D4-AC89-772B3BF0537A}.Debug|Any CPU.ActiveCfg = Debug|Any CPU
		{AA6ED572-2AE3-47D4-AC89-772B3BF0537A}.Debug|Any CPU.Build.0 = Debug|Any CPU
		{AA6ED572-2AE3-47D4-AC89-772B3BF0537A}.Debug|x64.ActiveCfg = Debug|Any CPU
		{AA6ED572-2AE3-47D4-AC89-772B3BF0537A}.Debug|x64.Build.0 = Debug|Any CPU
		{AA6ED572-2AE3-47D4-AC89-772B3BF0537A}.Debug|x86.ActiveCfg = Debug|Any CPU
		{AA6ED572-2AE3-47D4-AC89-772B3BF0537A}.Debug|x86.Build.0 = Debug|Any CPU
		{AA6ED572-2AE3-47D4-AC89-772B3BF0537A}.Release|Any CPU.ActiveCfg = Release|Any CPU
		{AA6ED572-2AE3-47D4-AC89-772B3BF0537A}.Release|Any CPU.Build.0 = Release|Any CPU
		{AA6ED572-2AE3-47D4-AC89-772B3BF0537A}.Release|x64.ActiveCfg = Release|Any CPU
		{AA6ED572-2AE3-47D4-AC89-772B3BF0537A}.Release|x64.Build.0 = Release|Any CPU
		{AA6ED572-2AE3-47D4-AC89-772B3BF0537A}.Release|x86.ActiveCfg = Release|Any CPU
		{AA6ED572-2AE3-47D4-AC89-772B3BF0537A}.Release|x86.Build.0 = Release|Any CPU
	EndGlobalSection
	GlobalSection(NestedProjects) = preSolution
		{796684E7-3616-4CD6-956B-949F166F669C} = {B83D0129-7DCA-4C1C-ADE4-5E6B112984C3}
		{558EB5C0-FDD9-4919-B3C2-510F6BB86DDA} = {CE9DC237-4617-4D46-AA23-17E7D3EDF7DA}
		{8CF1BD46-53CE-49BD-AE8B-7A8DDCB31D6B} = {B83D0129-7DCA-4C1C-ADE4-5E6B112984C3}
		{AA6ED572-2AE3-47D4-AC89-772B3BF0537A} = {B83D0129-7DCA-4C1C-ADE4-5E6B112984C3}
	EndGlobalSection
EndGlobal
